// !$*UTF8*$!
{
	archiveVersion = 1;
	classes = {
	};
	objectVersion = 50;
	objects = {

/* Begin PBXBuildFile section */
		A3055B72221E0145000B946A /* AppDelegate.swift in Sources */ = {isa = PBXBuildFile; fileRef = A3055B71221E0145000B946A /* AppDelegate.swift */; };
		A3055B74221E0145000B946A /* ItunesSearchResultsTableViewController.swift in Sources */ = {isa = PBXBuildFile; fileRef = A3055B73221E0145000B946A /* ItunesSearchResultsTableViewController.swift */; };
		A3055B77221E0145000B946A /* Main.storyboard in Resources */ = {isa = PBXBuildFile; fileRef = A3055B75221E0145000B946A /* Main.storyboard */; };
		A3055B79221E0146000B946A /* Assets.xcassets in Resources */ = {isa = PBXBuildFile; fileRef = A3055B78221E0146000B946A /* Assets.xcassets */; };
		A3055B7C221E0146000B946A /* LaunchScreen.storyboard in Resources */ = {isa = PBXBuildFile; fileRef = A3055B7A221E0146000B946A /* LaunchScreen.storyboard */; };
		A3055B87221E0146000B946A /* ItunesSearchDemoTests.swift in Sources */ = {isa = PBXBuildFile; fileRef = A3055B86221E0146000B946A /* ItunesSearchDemoTests.swift */; };
		A3055B92221E0146000B946A /* ItunesSearchDemoUITests.swift in Sources */ = {isa = PBXBuildFile; fileRef = A3055B91221E0146000B946A /* ItunesSearchDemoUITests.swift */; };
		A3055BA3221E1770000B946A /* Result.swift in Sources */ = {isa = PBXBuildFile; fileRef = A3055BA2221E1770000B946A /* Result.swift */; };
		A3055BA5221E178E000B946A /* ItunesSearchResults.swift in Sources */ = {isa = PBXBuildFile; fileRef = A3055BA4221E178E000B946A /* ItunesSearchResults.swift */; };
		A3055BA7221E355E000B946A /* ItunesSearchResultsTableViewCell.swift in Sources */ = {isa = PBXBuildFile; fileRef = A3055BA6221E355E000B946A /* ItunesSearchResultsTableViewCell.swift */; };
		A3055BAA221E39BD000B946A /* ImageView+Downloader.swift in Sources */ = {isa = PBXBuildFile; fileRef = A3055BA9221E39BD000B946A /* ImageView+Downloader.swift */; };
		A3055BAC221E3FA7000B946A /* NetworkManager.swift in Sources */ = {isa = PBXBuildFile; fileRef = A3055BAB221E3FA7000B946A /* NetworkManager.swift */; };
		A3E9662B221F3F45002A8C3F /* ItunesSearchResultsDetailsViewController.swift in Sources */ = {isa = PBXBuildFile; fileRef = A3E9662A221F3F45002A8C3F /* ItunesSearchResultsDetailsViewController.swift */; };
/* End PBXBuildFile section */

/* Begin PBXContainerItemProxy section */
		A3055B83221E0146000B946A /* PBXContainerItemProxy */ = {
			isa = PBXContainerItemProxy;
			containerPortal = A3055B66221E0144000B946A /* Project object */;
			proxyType = 1;
			remoteGlobalIDString = A3055B6D221E0144000B946A;
			remoteInfo = ItunesSearchDemo;
		};
		A3055B8E221E0146000B946A /* PBXContainerItemProxy */ = {
			isa = PBXContainerItemProxy;
			containerPortal = A3055B66221E0144000B946A /* Project object */;
			proxyType = 1;
			remoteGlobalIDString = A3055B6D221E0144000B946A;
			remoteInfo = ItunesSearchDemo;
		};
/* End PBXContainerItemProxy section */

/* Begin PBXFileReference section */
		A3055B6E221E0144000B946A /* ItunesSearchDemo.app */ = {isa = PBXFileReference; explicitFileType = wrapper.application; includeInIndex = 0; path = ItunesSearchDemo.app; sourceTree = BUILT_PRODUCTS_DIR; };
		A3055B71221E0145000B946A /* AppDelegate.swift */ = {isa = PBXFileReference; lastKnownFileType = sourcecode.swift; path = AppDelegate.swift; sourceTree = "<group>"; };
		A3055B73221E0145000B946A /* ItunesSearchResultsTableViewController.swift */ = {isa = PBXFileReference; lastKnownFileType = sourcecode.swift; path = ItunesSearchResultsTableViewController.swift; sourceTree = "<group>"; };
		A3055B76221E0145000B946A /* Base */ = {isa = PBXFileReference; lastKnownFileType = file.storyboard; name = Base; path = Base.lproj/Main.storyboard; sourceTree = "<group>"; };
		A3055B78221E0146000B946A /* Assets.xcassets */ = {isa = PBXFileReference; lastKnownFileType = folder.assetcatalog; path = Assets.xcassets; sourceTree = "<group>"; };
		A3055B7B221E0146000B946A /* Base */ = {isa = PBXFileReference; lastKnownFileType = file.storyboard; name = Base; path = Base.lproj/LaunchScreen.storyboard; sourceTree = "<group>"; };
		A3055B7D221E0146000B946A /* Info.plist */ = {isa = PBXFileReference; lastKnownFileType = text.plist.xml; path = Info.plist; sourceTree = "<group>"; };
		A3055B82221E0146000B946A /* ItunesSearchDemoTests.xctest */ = {isa = PBXFileReference; explicitFileType = wrapper.cfbundle; includeInIndex = 0; path = ItunesSearchDemoTests.xctest; sourceTree = BUILT_PRODUCTS_DIR; };
		A3055B86221E0146000B946A /* ItunesSearchDemoTests.swift */ = {isa = PBXFileReference; lastKnownFileType = sourcecode.swift; path = ItunesSearchDemoTests.swift; sourceTree = "<group>"; };
		A3055B88221E0146000B946A /* Info.plist */ = {isa = PBXFileReference; lastKnownFileType = text.plist.xml; path = Info.plist; sourceTree = "<group>"; };
		A3055B8D221E0146000B946A /* ItunesSearchDemoUITests.xctest */ = {isa = PBXFileReference; explicitFileType = wrapper.cfbundle; includeInIndex = 0; path = ItunesSearchDemoUITests.xctest; sourceTree = BUILT_PRODUCTS_DIR; };
		A3055B91221E0146000B946A /* ItunesSearchDemoUITests.swift */ = {isa = PBXFileReference; lastKnownFileType = sourcecode.swift; path = ItunesSearchDemoUITests.swift; sourceTree = "<group>"; };
		A3055B93221E0146000B946A /* Info.plist */ = {isa = PBXFileReference; lastKnownFileType = text.plist.xml; path = Info.plist; sourceTree = "<group>"; };
		A3055BA2221E1770000B946A /* Result.swift */ = {isa = PBXFileReference; lastKnownFileType = sourcecode.swift; path = Result.swift; sourceTree = "<group>"; };
		A3055BA4221E178E000B946A /* ItunesSearchResults.swift */ = {isa = PBXFileReference; lastKnownFileType = sourcecode.swift; path = ItunesSearchResults.swift; sourceTree = "<group>"; };
		A3055BA6221E355E000B946A /* ItunesSearchResultsTableViewCell.swift */ = {isa = PBXFileReference; lastKnownFileType = sourcecode.swift; path = ItunesSearchResultsTableViewCell.swift; sourceTree = "<group>"; };
		A3055BA9221E39BD000B946A /* ImageView+Downloader.swift */ = {isa = PBXFileReference; lastKnownFileType = sourcecode.swift; path = "ImageView+Downloader.swift"; sourceTree = "<group>"; };
		A3055BAB221E3FA7000B946A /* NetworkManager.swift */ = {isa = PBXFileReference; lastKnownFileType = sourcecode.swift; path = NetworkManager.swift; sourceTree = "<group>"; };
		A3E9662A221F3F45002A8C3F /* ItunesSearchResultsDetailsViewController.swift */ = {isa = PBXFileReference; lastKnownFileType = sourcecode.swift; path = ItunesSearchResultsDetailsViewController.swift; sourceTree = "<group>"; };
/* End PBXFileReference section */

/* Begin PBXFrameworksBuildPhase section */
		A3055B6B221E0144000B946A /* Frameworks */ = {
			isa = PBXFrameworksBuildPhase;
			buildActionMask = 2147483647;
			files = (
			);
			runOnlyForDeploymentPostprocessing = 0;
		};
		A3055B7F221E0146000B946A /* Frameworks */ = {
			isa = PBXFrameworksBuildPhase;
			buildActionMask = 2147483647;
			files = (
			);
			runOnlyForDeploymentPostprocessing = 0;
		};
		A3055B8A221E0146000B946A /* Frameworks */ = {
			isa = PBXFrameworksBuildPhase;
			buildActionMask = 2147483647;
			files = (
			);
			runOnlyForDeploymentPostprocessing = 0;
		};
/* End PBXFrameworksBuildPhase section */

/* Begin PBXGroup section */
		A3055B65221E0144000B946A = {
			isa = PBXGroup;
			children = (
				A3055B70221E0144000B946A /* ItunesSearchDemo */,
				A3055B85221E0146000B946A /* ItunesSearchDemoTests */,
				A3055B90221E0146000B946A /* ItunesSearchDemoUITests */,
				A3055B6F221E0144000B946A /* Products */,
			);
			sourceTree = "<group>";
		};
		A3055B6F221E0144000B946A /* Products */ = {
			isa = PBXGroup;
			children = (
				A3055B6E221E0144000B946A /* ItunesSearchDemo.app */,
				A3055B82221E0146000B946A /* ItunesSearchDemoTests.xctest */,
				A3055B8D221E0146000B946A /* ItunesSearchDemoUITests.xctest */,
			);
			name = Products;
			sourceTree = "<group>";
		};
		A3055B70221E0144000B946A /* ItunesSearchDemo */ = {
			isa = PBXGroup;
			children = (
				A3055BAD221E40C3000B946A /* Networking */,
				A3055BA8221E39A0000B946A /* Extensions */,
				A3055B9F221E116E000B946A /* Codables */,
				A3055B71221E0145000B946A /* AppDelegate.swift */,
				A3055B73221E0145000B946A /* ItunesSearchResultsTableViewController.swift */,
				A3055B75221E0145000B946A /* Main.storyboard */,
				A3055B78221E0146000B946A /* Assets.xcassets */,
				A3055B7A221E0146000B946A /* LaunchScreen.storyboard */,
				A3055B7D221E0146000B946A /* Info.plist */,
				A3055BA6221E355E000B946A /* ItunesSearchResultsTableViewCell.swift */,
				A3E9662A221F3F45002A8C3F /* ItunesSearchResultsDetailsViewController.swift */,
			);
			path = ItunesSearchDemo;
			sourceTree = "<group>";
		};
		A3055B85221E0146000B946A /* ItunesSearchDemoTests */ = {
			isa = PBXGroup;
			children = (
				A3055B86221E0146000B946A /* ItunesSearchDemoTests.swift */,
				A3055B88221E0146000B946A /* Info.plist */,
			);
			path = ItunesSearchDemoTests;
			sourceTree = "<group>";
		};
		A3055B90221E0146000B946A /* ItunesSearchDemoUITests */ = {
			isa = PBXGroup;
			children = (
				A3055B91221E0146000B946A /* ItunesSearchDemoUITests.swift */,
				A3055B93221E0146000B946A /* Info.plist */,
			);
			path = ItunesSearchDemoUITests;
			sourceTree = "<group>";
		};
		A3055B9F221E116E000B946A /* Codables */ = {
			isa = PBXGroup;
			children = (
				A3055BA2221E1770000B946A /* Result.swift */,
				A3055BA4221E178E000B946A /* ItunesSearchResults.swift */,
			);
			path = Codables;
			sourceTree = "<group>";
		};
		A3055BA8221E39A0000B946A /* Extensions */ = {
			isa = PBXGroup;
			children = (
				A3055BA9221E39BD000B946A /* ImageView+Downloader.swift */,
			);
			path = Extensions;
			sourceTree = "<group>";
		};
		A3055BAD221E40C3000B946A /* Networking */ = {
			isa = PBXGroup;
			children = (
				A3055BAB221E3FA7000B946A /* NetworkManager.swift */,
			);
			path = Networking;
			sourceTree = "<group>";
		};
/* End PBXGroup section */

/* Begin PBXNativeTarget section */
		A3055B6D221E0144000B946A /* ItunesSearchDemo */ = {
			isa = PBXNativeTarget;
			buildConfigurationList = A3055B96221E0146000B946A /* Build configuration list for PBXNativeTarget "ItunesSearchDemo" */;
			buildPhases = (
				A3055B6A221E0144000B946A /* Sources */,
				A3055B6B221E0144000B946A /* Frameworks */,
				A3055B6C221E0144000B946A /* Resources */,
			);
			buildRules = (
			);
			dependencies = (
			);
			name = ItunesSearchDemo;
			productName = ItunesSearchDemo;
			productReference = A3055B6E221E0144000B946A /* ItunesSearchDemo.app */;
			productType = "com.apple.product-type.application";
		};
		A3055B81221E0146000B946A /* ItunesSearchDemoTests */ = {
			isa = PBXNativeTarget;
			buildConfigurationList = A3055B99221E0146000B946A /* Build configuration list for PBXNativeTarget "ItunesSearchDemoTests" */;
			buildPhases = (
				A3055B7E221E0146000B946A /* Sources */,
				A3055B7F221E0146000B946A /* Frameworks */,
				A3055B80221E0146000B946A /* Resources */,
			);
			buildRules = (
			);
			dependencies = (
				A3055B84221E0146000B946A /* PBXTargetDependency */,
			);
			name = ItunesSearchDemoTests;
			productName = ItunesSearchDemoTests;
			productReference = A3055B82221E0146000B946A /* ItunesSearchDemoTests.xctest */;
			productType = "com.apple.product-type.bundle.unit-test";
		};
		A3055B8C221E0146000B946A /* ItunesSearchDemoUITests */ = {
			isa = PBXNativeTarget;
			buildConfigurationList = A3055B9C221E0146000B946A /* Build configuration list for PBXNativeTarget "ItunesSearchDemoUITests" */;
			buildPhases = (
				A3055B89221E0146000B946A /* Sources */,
				A3055B8A221E0146000B946A /* Frameworks */,
				A3055B8B221E0146000B946A /* Resources */,
			);
			buildRules = (
			);
			dependencies = (
				A3055B8F221E0146000B946A /* PBXTargetDependency */,
			);
			name = ItunesSearchDemoUITests;
			productName = ItunesSearchDemoUITests;
			productReference = A3055B8D221E0146000B946A /* ItunesSearchDemoUITests.xctest */;
			productType = "com.apple.product-type.bundle.ui-testing";
		};
/* End PBXNativeTarget section */

/* Begin PBXProject section */
		A3055B66221E0144000B946A /* Project object */ = {
			isa = PBXProject;
			attributes = {
				LastSwiftUpdateCheck = 1010;
				LastUpgradeCheck = 1010;
				ORGANIZATIONNAME = "Luke Freihofer";
				TargetAttributes = {
					A3055B6D221E0144000B946A = {
						CreatedOnToolsVersion = 10.1;
					};
					A3055B81221E0146000B946A = {
						CreatedOnToolsVersion = 10.1;
						TestTargetID = A3055B6D221E0144000B946A;
					};
					A3055B8C221E0146000B946A = {
						CreatedOnToolsVersion = 10.1;
						TestTargetID = A3055B6D221E0144000B946A;
					};
				};
			};
			buildConfigurationList = A3055B69221E0144000B946A /* Build configuration list for PBXProject "ItunesSearchDemo" */;
			compatibilityVersion = "Xcode 9.3";
			developmentRegion = en;
			hasScannedForEncodings = 0;
			knownRegions = (
				en,
				Base,
			);
			mainGroup = A3055B65221E0144000B946A;
			productRefGroup = A3055B6F221E0144000B946A /* Products */;
			projectDirPath = "";
			projectRoot = "";
			targets = (
				A3055B6D221E0144000B946A /* ItunesSearchDemo */,
				A3055B81221E0146000B946A /* ItunesSearchDemoTests */,
				A3055B8C221E0146000B946A /* ItunesSearchDemoUITests */,
			);
		};
/* End PBXProject section */

/* Begin PBXResourcesBuildPhase section */
		A3055B6C221E0144000B946A /* Resources */ = {
			isa = PBXResourcesBuildPhase;
			buildActionMask = 2147483647;
			files = (
				A3055B7C221E0146000B946A /* LaunchScreen.storyboard in Resources */,
				A3055B79221E0146000B946A /* Assets.xcassets in Resources */,
				A3055B77221E0145000B946A /* Main.storyboard in Resources */,
			);
			runOnlyForDeploymentPostprocessing = 0;
		};
		A3055B80221E0146000B946A /* Resources */ = {
			isa = PBXResourcesBuildPhase;
			buildActionMask = 2147483647;
			files = (
			);
			runOnlyForDeploymentPostprocessing = 0;
		};
		A3055B8B221E0146000B946A /* Resources */ = {
			isa = PBXResourcesBuildPhase;
			buildActionMask = 2147483647;
			files = (
			);
			runOnlyForDeploymentPostprocessing = 0;
		};
/* End PBXResourcesBuildPhase section */

/* Begin PBXSourcesBuildPhase section */
		A3055B6A221E0144000B946A /* Sources */ = {
			isa = PBXSourcesBuildPhase;
			buildActionMask = 2147483647;
			files = (
				A3055BA5221E178E000B946A /* ItunesSearchResults.swift in Sources */,
				A3055BAA221E39BD000B946A /* ImageView+Downloader.swift in Sources */,
				A3055BA3221E1770000B946A /* Result.swift in Sources */,
				A3055B74221E0145000B946A /* ItunesSearchResultsTableViewController.swift in Sources */,
				A3055B72221E0145000B946A /* AppDelegate.swift in Sources */,
				A3055BA7221E355E000B946A /* ItunesSearchResultsTableViewCell.swift in Sources */,
				A3E9662B221F3F45002A8C3F /* ItunesSearchResultsDetailsViewController.swift in Sources */,
				A3055BAC221E3FA7000B946A /* NetworkManager.swift in Sources */,
			);
			runOnlyForDeploymentPostprocessing = 0;
		};
		A3055B7E221E0146000B946A /* Sources */ = {
			isa = PBXSourcesBuildPhase;
			buildActionMask = 2147483647;
			files = (
				A3055B87221E0146000B946A /* ItunesSearchDemoTests.swift in Sources */,
			);
			runOnlyForDeploymentPostprocessing = 0;
		};
		A3055B89221E0146000B946A /* Sources */ = {
			isa = PBXSourcesBuildPhase;
			buildActionMask = 2147483647;
			files = (
				A3055B92221E0146000B946A /* ItunesSearchDemoUITests.swift in Sources */,
			);
			runOnlyForDeploymentPostprocessing = 0;
		};
/* End PBXSourcesBuildPhase section */

/* Begin PBXTargetDependency section */
		A3055B84221E0146000B946A /* PBXTargetDependency */ = {
			isa = PBXTargetDependency;
			target = A3055B6D221E0144000B946A /* ItunesSearchDemo */;
			targetProxy = A3055B83221E0146000B946A /* PBXContainerItemProxy */;
		};
		A3055B8F221E0146000B946A /* PBXTargetDependency */ = {
			isa = PBXTargetDependency;
			target = A3055B6D221E0144000B946A /* ItunesSearchDemo */;
			targetProxy = A3055B8E221E0146000B946A /* PBXContainerItemProxy */;
		};
/* End PBXTargetDependency section */

/* Begin PBXVariantGroup section */
		A3055B75221E0145000B946A /* Main.storyboard */ = {
			isa = PBXVariantGroup;
			children = (
				A3055B76221E0145000B946A /* Base */,
			);
			name = Main.storyboard;
			sourceTree = "<group>";
		};
		A3055B7A221E0146000B946A /* LaunchScreen.storyboard */ = {
			isa = PBXVariantGroup;
			children = (
				A3055B7B221E0146000B946A /* Base */,
			);
			name = LaunchScreen.storyboard;
			sourceTree = "<group>";
		};
/* End PBXVariantGroup section */

/* Begin XCBuildConfiguration section */
		A3055B94221E0146000B946A /* Debug */ = {
			isa = XCBuildConfiguration;
			buildSettings = {
				ALWAYS_SEARCH_USER_PATHS = NO;
				CLANG_ANALYZER_NONNULL = YES;
				CLANG_ANALYZER_NUMBER_OBJECT_CONVERSION = YES_AGGRESSIVE;
				CLANG_CXX_LANGUAGE_STANDARD = "gnu++14";
				CLANG_CXX_LIBRARY = "libc++";
				CLANG_ENABLE_MODULES = YES;
				CLANG_ENABLE_OBJC_ARC = YES;
				CLANG_ENABLE_OBJC_WEAK = YES;
				CLANG_WARN_BLOCK_CAPTURE_AUTORELEASING = YES;
				CLANG_WARN_BOOL_CONVERSION = YES;
				CLANG_WARN_COMMA = YES;
				CLANG_WARN_CONSTANT_CONVERSION = YES;
				CLANG_WARN_DEPRECATED_OBJC_IMPLEMENTATIONS = YES;
				CLANG_WARN_DIRECT_OBJC_ISA_USAGE = YES_ERROR;
				CLANG_WARN_DOCUMENTATION_COMMENTS = YES;
				CLANG_WARN_EMPTY_BODY = YES;
				CLANG_WARN_ENUM_CONVERSION = YES;
				CLANG_WARN_INFINITE_RECURSION = YES;
				CLANG_WARN_INT_CONVERSION = YES;
				CLANG_WARN_NON_LITERAL_NULL_CONVERSION = YES;
				CLANG_WARN_OBJC_IMPLICIT_RETAIN_SELF = YES;
				CLANG_WARN_OBJC_LITERAL_CONVERSION = YES;
				CLANG_WARN_OBJC_ROOT_CLASS = YES_ERROR;
				CLANG_WARN_RANGE_LOOP_ANALYSIS = YES;
				CLANG_WARN_STRICT_PROTOTYPES = YES;
				CLANG_WARN_SUSPICIOUS_MOVE = YES;
				CLANG_WARN_UNGUARDED_AVAILABILITY = YES_AGGRESSIVE;
				CLANG_WARN_UNREACHABLE_CODE = YES;
				CLANG_WARN__DUPLICATE_METHOD_MATCH = YES;
				CODE_SIGN_IDENTITY = "iPhone Developer";
				COPY_PHASE_STRIP = NO;
				DEBUG_INFORMATION_FORMAT = dwarf;
				ENABLE_STRICT_OBJC_MSGSEND = YES;
				ENABLE_TESTABILITY = YES;
				GCC_C_LANGUAGE_STANDARD = gnu11;
				GCC_DYNAMIC_NO_PIC = NO;
				GCC_NO_COMMON_BLOCKS = YES;
				GCC_OPTIMIZATION_LEVEL = 0;
				GCC_PREPROCESSOR_DEFINITIONS = (
					"DEBUG=1",
					"$(inherited)",
				);
				GCC_WARN_64_TO_32_BIT_CONVERSION = YES;
				GCC_WARN_ABOUT_RETURN_TYPE = YES_ERROR;
				GCC_WARN_UNDECLARED_SELECTOR = YES;
				GCC_WARN_UNINITIALIZED_AUTOS = YES_AGGRESSIVE;
				GCC_WARN_UNUSED_FUNCTION = YES;
				GCC_WARN_UNUSED_VARIABLE = YES;
				IPHONEOS_DEPLOYMENT_TARGET = 12.1;
				MTL_ENABLE_DEBUG_INFO = INCLUDE_SOURCE;
				MTL_FAST_MATH = YES;
				ONLY_ACTIVE_ARCH = YES;
				SDKROOT = iphoneos;
				SWIFT_ACTIVE_COMPILATION_CONDITIONS = DEBUG;
				SWIFT_OPTIMIZATION_LEVEL = "-Onone";
			};
			name = Debug;
		};
		A3055B95221E0146000B946A /* Release */ = {
			isa = XCBuildConfiguration;
			buildSettings = {
				ALWAYS_SEARCH_USER_PATHS = NO;
				CLANG_ANALYZER_NONNULL = YES;
				CLANG_ANALYZER_NUMBER_OBJECT_CONVERSION = YES_AGGRESSIVE;
				CLANG_CXX_LANGUAGE_STANDARD = "gnu++14";
				CLANG_CXX_LIBRARY = "libc++";
				CLANG_ENABLE_MODULES = YES;
				CLANG_ENABLE_OBJC_ARC = YES;
				CLANG_ENABLE_OBJC_WEAK = YES;
				CLANG_WARN_BLOCK_CAPTURE_AUTORELEASING = YES;
				CLANG_WARN_BOOL_CONVERSION = YES;
				CLANG_WARN_COMMA = YES;
				CLANG_WARN_CONSTANT_CONVERSION = YES;
				CLANG_WARN_DEPRECATED_OBJC_IMPLEMENTATIONS = YES;
				CLANG_WARN_DIRECT_OBJC_ISA_USAGE = YES_ERROR;
				CLANG_WARN_DOCUMENTATION_COMMENTS = YES;
				CLANG_WARN_EMPTY_BODY = YES;
				CLANG_WARN_ENUM_CONVERSION = YES;
				CLANG_WARN_INFINITE_RECURSION = YES;
				CLANG_WARN_INT_CONVERSION = YES;
				CLANG_WARN_NON_LITERAL_NULL_CONVERSION = YES;
				CLANG_WARN_OBJC_IMPLICIT_RETAIN_SELF = YES;
				CLANG_WARN_OBJC_LITERAL_CONVERSION = YES;
				CLANG_WARN_OBJC_ROOT_CLASS = YES_ERROR;
				CLANG_WARN_RANGE_LOOP_ANALYSIS = YES;
				CLANG_WARN_STRICT_PROTOTYPES = YES;
				CLANG_WARN_SUSPICIOUS_MOVE = YES;
				CLANG_WARN_UNGUARDED_AVAILABILITY = YES_AGGRESSIVE;
				CLANG_WARN_UNREACHABLE_CODE = YES;
				CLANG_WARN__DUPLICATE_METHOD_MATCH = YES;
				CODE_SIGN_IDENTITY = "iPhone Developer";
				COPY_PHASE_STRIP = NO;
				DEBUG_INFORMATION_FORMAT = "dwarf-with-dsym";
				ENABLE_NS_ASSERTIONS = NO;
				ENABLE_STRICT_OBJC_MSGSEND = YES;
				GCC_C_LANGUAGE_STANDARD = gnu11;
				GCC_NO_COMMON_BLOCKS = YES;
				GCC_WARN_64_TO_32_BIT_CONVERSION = YES;
				GCC_WARN_ABOUT_RETURN_TYPE = YES_ERROR;
				GCC_WARN_UNDECLARED_SELECTOR = YES;
				GCC_WARN_UNINITIALIZED_AUTOS = YES_AGGRESSIVE;
				GCC_WARN_UNUSED_FUNCTION = YES;
				GCC_WARN_UNUSED_VARIABLE = YES;
				IPHONEOS_DEPLOYMENT_TARGET = 12.1;
				MTL_ENABLE_DEBUG_INFO = NO;
				MTL_FAST_MATH = YES;
				SDKROOT = iphoneos;
				SWIFT_COMPILATION_MODE = wholemodule;
				SWIFT_OPTIMIZATION_LEVEL = "-O";
				VALIDATE_PRODUCT = YES;
			};
			name = Release;
		};
		A3055B97221E0146000B946A /* Debug */ = {
			isa = XCBuildConfiguration;
			buildSettings = {
				ASSETCATALOG_COMPILER_APPICON_NAME = AppIcon;
				CODE_SIGN_STYLE = Automatic;
				INFOPLIST_FILE = ItunesSearchDemo/Info.plist;
				LD_RUNPATH_SEARCH_PATHS = (
					"$(inherited)",
					"@executable_path/Frameworks",
				);
				PRODUCT_BUNDLE_IDENTIFIER = com.freihofer.ItunesSearchDemo;
				PRODUCT_NAME = "$(TARGET_NAME)";
				SWIFT_VERSION = 4.2;
				TARGETED_DEVICE_FAMILY = "1,2";
			};
			name = Debug;
		};
		A3055B98221E0146000B946A /* Release */ = {
			isa = XCBuildConfiguration;
			buildSettings = {
				ASSETCATALOG_COMPILER_APPICON_NAME = AppIcon;
				CODE_SIGN_STYLE = Automatic;
				INFOPLIST_FILE = ItunesSearchDemo/Info.plist;
				LD_RUNPATH_SEARCH_PATHS = (
					"$(inherited)",
					"@executable_path/Frameworks",
				);
				PRODUCT_BUNDLE_IDENTIFIER = com.freihofer.ItunesSearchDemo;
				PRODUCT_NAME = "$(TARGET_NAME)";
				SWIFT_VERSION = 4.2;
				TARGETED_DEVICE_FAMILY = "1,2";
			};
			name = Release;
		};
		A3055B9A221E0146000B946A /* Debug */ = {
			isa = XCBuildConfiguration;
			buildSettings = {
				ALWAYS_EMBED_SWIFT_STANDARD_LIBRARIES = YES;
				BUNDLE_LOADER = "$(TEST_HOST)";
				CODE_SIGN_STYLE = Automatic;
				INFOPLIST_FILE = ItunesSearchDemoTests/Info.plist;
				LD_RUNPATH_SEARCH_PATHS = (
					"$(inherited)",
					"@executable_path/Frameworks",
					"@loader_path/Frameworks",
				);
				PRODUCT_BUNDLE_IDENTIFIER = com.freihofer.ItunesSearchDemoTests;
				PRODUCT_NAME = "$(TARGET_NAME)";
				SWIFT_VERSION = 4.2;
				TARGETED_DEVICE_FAMILY = "1,2";
				TEST_HOST = "$(BUILT_PRODUCTS_DIR)/ItunesSearchDemo.app/ItunesSearchDemo";
			};
			name = Debug;
		};
		A3055B9B221E0146000B946A /* Release */ = {
			isa = XCBuildConfiguration;
			buildSettings = {
				ALWAYS_EMBED_SWIFT_STANDARD_LIBRARIES = YES;
				BUNDLE_LOADER = "$(TEST_HOST)";
				CODE_SIGN_STYLE = Automatic;
				INFOPLIST_FILE = ItunesSearchDemoTests/Info.plist;
				LD_RUNPATH_SEARCH_PATHS = (
					"$(inherited)",
					"@executable_path/Frameworks",
					"@loader_path/Frameworks",
				);
				PRODUCT_BUNDLE_IDENTIFIER = com.freihofer.ItunesSearchDemoTests;
				PRODUCT_NAME = "$(TARGET_NAME)";
				SWIFT_VERSION = 4.2;
				TARGETED_DEVICE_FAMILY = "1,2";
				TEST_HOST = "$(BUILT_PRODUCTS_DIR)/ItunesSearchDemo.app/ItunesSearchDemo";
			};
			name = Release;
		};
		A3055B9D221E0146000B946A /* Debug */ = {
			isa = XCBuildConfiguration;
			buildSettings = {
				ALWAYS_EMBED_SWIFT_STANDARD_LIBRARIES = YES;
				CODE_SIGN_STYLE = Automatic;
				INFOPLIST_FILE = ItunesSearchDemoUITests/Info.plist;
				LD_RUNPATH_SEARCH_PATHS = (
					"$(inherited)",
					"@executable_path/Frameworks",
					"@loader_path/Frameworks",
				);
				PRODUCT_BUNDLE_IDENTIFIER = com.freihofer.ItunesSearchDemoUITests;
				PRODUCT_NAME = "$(TARGET_NAME)";
				SWIFT_VERSION = 4.2;
				TARGETED_DEVICE_FAMILY = "1,2";
				TEST_TARGET_NAME = ItunesSearchDemo;
			};
			name = Debug;
		};
		A3055B9E221E0146000B946A /* Release */ = {
			isa = XCBuildConfiguration;
			buildSettings = {
				ALWAYS_EMBED_SWIFT_STANDARD_LIBRARIES = YES;
				CODE_SIGN_STYLE = Automatic;
				INFOPLIST_FILE = ItunesSearchDemoUITests/Info.plist;
				LD_RUNPATH_SEARCH_PATHS = (
					"$(inherited)",
					"@executable_path/Frameworks",
					"@loader_path/Frameworks",
				);
				PRODUCT_BUNDLE_IDENTIFIER = com.freihofer.ItunesSearchDemoUITests;
				PRODUCT_NAME = "$(TARGET_NAME)";
				SWIFT_VERSION = 4.2;
				TARGETED_DEVICE_FAMILY = "1,2";
				TEST_TARGET_NAME = ItunesSearchDemo;
			};
			name = Release;
		};
/* End XCBuildConfiguration section */

/* Begin XCConfigurationList section */
		A3055B69221E0144000B946A /* Build configuration list for PBXProject "ItunesSearchDemo" */ = {
			isa = XCConfigurationList;
			buildConfigurations = (
				A3055B94221E0146000B946A /* Debug */,
				A3055B95221E0146000B946A /* Release */,
			);
			defaultConfigurationIsVisible = 0;
			defaultConfigurationName = Release;
		};
		A3055B96221E0146000B946A /* Build configuration list for PBXNativeTarget "ItunesSearchDemo" */ = {
			isa = XCConfigurationList;
			buildConfigurations = (
				A3055B97221E0146000B946A /* Debug */,
				A3055B98221E0146000B946A /* Release */,
			);
			defaultConfigurationIsVisible = 0;
			defaultConfigurationName = Release;
		};
		A3055B99221E0146000B946A /* Build configuration list for PBXNativeTarget "ItunesSearchDemoTests" */ = {
			isa = XCConfigurationList;
			buildConfigurations = (
				A3055B9A221E0146000B946A /* Debug */,
				A3055B9B221E0146000B946A /* Release */,
			);
			defaultConfigurationIsVisible = 0;
			defaultConfigurationName = Release;
		};
		A3055B9C221E0146000B946A /* Build configuration list for PBXNativeTarget "ItunesSearchDemoUITests" */ = {
			isa = XCConfigurationList;
			buildConfigurations = (
				A3055B9D221E0146000B946A /* Debug */,
				A3055B9E221E0146000B946A /* Release */,
			);
			defaultConfigurationIsVisible = 0;
			defaultConfigurationName = Release;
		};
/* End XCConfigurationList section */
	};
	rootObject = A3055B66221E0144000B946A /* Project object */;
}
